
Microsoft Visual Studio Solution File, Format Version 12.00
# Visual Studio 15
VisualStudioVersion = 15.0.27428.2043
MinimumVisualStudioVersion = 10.0.40219.1
Project("{9A19103F-16F7-4668-BE54-9A1E7A4F7556}") = "IDV_NET5", "IDV_NET5\IDV_NET5.csproj", "{6498F881-2836-42FF-9410-2BEF5352F9FF}"
EndProject
Project("{FAE04EC0-301F-11D3-BF4B-00C04F79EFBC}") = "TodoAPI_CRUD", "TodoAPI_CRUD\TodoAPI_CRUD.csproj", "{F5E40323-5037-4998-9A9C-040465D27950}"
EndProject
Global
	GlobalSection(SolutionConfigurationPlatforms) = preSolution
		Debug|Any CPU = Debug|Any CPU
		Release|Any CPU = Release|Any CPU
	EndGlobalSection
	GlobalSection(ProjectConfigurationPlatforms) = postSolution
		{6498F881-2836-42FF-9410-2BEF5352F9FF}.Debug|Any CPU.ActiveCfg = Debug|Any CPU
		{6498F881-2836-42FF-9410-2BEF5352F9FF}.Debug|Any CPU.Build.0 = Debug|Any CPU
		{6498F881-2836-42FF-9410-2BEF5352F9FF}.Release|Any CPU.ActiveCfg = Release|Any CPU
		{6498F881-2836-42FF-9410-2BEF5352F9FF}.Release|Any CPU.Build.0 = Release|Any CPU
		{F5E40323-5037-4998-9A9C-040465D27950}.Debug|Any CPU.ActiveCfg = Debug|Any CPU
		{F5E40323-5037-4998-9A9C-040465D27950}.Debug|Any CPU.Build.0 = Debug|Any CPU
		{F5E40323-5037-4998-9A9C-040465D27950}.Release|Any CPU.ActiveCfg = Release|Any CPU
		{F5E40323-5037-4998-9A9C-040465D27950}.Release|Any CPU.Build.0 = Release|Any CPU
	EndGlobalSection
	GlobalSection(SolutionProperties) = preSolution
		HideSolutionNode = FALSE
	EndGlobalSection
	GlobalSection(ExtensibilityGlobals) = postSolution
		SolutionGuid = {49CAD01D-5717-4452-8E61-F4AC4471CE8F}
	EndGlobalSection
EndGlobal
